{
  "name": "cm-chessboard-extensions",
  "version": "1.0.0",
  "lockfileVersion": 3,
  "requires": true,
  "packages": {
    "": {
      "name": "cm-chessboard-extensions",
      "version": "1.0.0",
      "license": "MIT",
      "dependencies": {
        "cm-web-modules": "^2.1.2",
        "extreme-minimal-css": "^1.2.1"
      }
    },
    "node_modules/cm-web-modules": {
      "version": "2.1.2",
      "resolved": "https://registry.npmjs.org/cm-web-modules/-/cm-web-modules-2.1.2.tgz",
      "integrity": "sha512-bVqsIkoo0aSqx81xmdxL7qt3OYLIz1lMMxpkdsnmyp0u/lhUYffZ3/8qnRoAx2BsUWe99vUMswhRLIKkcAN4nw=="
    },
    "node_modules/extreme-minimal-css": {
      "version": "1.2.1",
      "resolved": "https://registry.npmjs.org/extreme-minimal-css/-/extreme-minimal-css-1.2.1.tgz",
      "integrity": "sha512-CP/sN+Fq4I1N2DjgC01KPvQx8rH4Ibo479NFt0R0zP0Mib9NZGa9mflef9DTY/vT2JoYNouekwjLtPxDLdHn6Q=="
    }
  }
}
